// !$*UTF8*$!
{
	archiveVersion = 1;
	classes = {
	};
	objectVersion = 56;
	objects = {

/* Begin PBXBuildFile section */
		8EC0ADAC298B366F00A3B4C0 /* AppDelegate.swift in Sources */ = {isa = PBXBuildFile; fileRef = 8EC0ADAB298B366F00A3B4C0 /* AppDelegate.swift */; };
		8EC0ADAE298B366F00A3B4C0 /* GameScene.sks in Resources */ = {isa = PBXBuildFile; fileRef = 8EC0ADAD298B366F00A3B4C0 /* GameScene.sks */; };
		8EC0ADB2298B366F00A3B4C0 /* GameScene.swift in Sources */ = {isa = PBXBuildFile; fileRef = 8EC0ADB1298B366F00A3B4C0 /* GameScene.swift */; };
		8EC0ADB4298B366F00A3B4C0 /* GameViewController.swift in Sources */ = {isa = PBXBuildFile; fileRef = 8EC0ADB3298B366F00A3B4C0 /* GameViewController.swift */; };
		8EC0ADB7298B366F00A3B4C0 /* Main.storyboard in Resources */ = {isa = PBXBuildFile; fileRef = 8EC0ADB5298B366F00A3B4C0 /* Main.storyboard */; };
		8EC0ADB9298B367000A3B4C0 /* Assets.xcassets in Resources */ = {isa = PBXBuildFile; fileRef = 8EC0ADB8298B367000A3B4C0 /* Assets.xcassets */; };
		8EC0ADBC298B367000A3B4C0 /* LaunchScreen.storyboard in Resources */ = {isa = PBXBuildFile; fileRef = 8EC0ADBA298B367000A3B4C0 /* LaunchScreen.storyboard */; };
		8EC0ADCB298B372000A3B4C0 /* Islands.swift in Sources */ = {isa = PBXBuildFile; fileRef = 8EC0ADC3298B371F00A3B4C0 /* Islands.swift */; };
		8EC0ADCC298B372000A3B4C0 /* Cloud.swift in Sources */ = {isa = PBXBuildFile; fileRef = 8EC0ADC4298B371F00A3B4C0 /* Cloud.swift */; };
		8EC0ADCD298B372000A3B4C0 /* Ocean.swift in Sources */ = {isa = PBXBuildFile; fileRef = 8EC0ADC5298B371F00A3B4C0 /* Ocean.swift */; };
		8EC0ADCE298B372000A3B4C0 /* Player.swift in Sources */ = {isa = PBXBuildFile; fileRef = 8EC0ADC6298B371F00A3B4C0 /* Player.swift */; };
		8EC0ADCF298B372000A3B4C0 /* GameProtocol.swift in Sources */ = {isa = PBXBuildFile; fileRef = 8EC0ADC8298B371F00A3B4C0 /* GameProtocol.swift */; };
		8EC0ADD0298B372000A3B4C0 /* GameObject.swift in Sources */ = {isa = PBXBuildFile; fileRef = 8EC0ADC9298B371F00A3B4C0 /* GameObject.swift */; };
		8EC0ADD1298B372000A3B4C0 /* Layer.swift in Sources */ = {isa = PBXBuildFile; fileRef = 8EC0ADCA298B371F00A3B4C0 /* Layer.swift */; };
		8EC0AE0E298B372A00A3B4C0 /* bullet.png in Resources */ = {isa = PBXBuildFile; fileRef = 8EC0ADD4298B372A00A3B4C0 /* bullet.png */; };
		8EC0AE0F298B372A00A3B4C0 /* plane3.png in Resources */ = {isa = PBXBuildFile; fileRef = 8EC0ADD5298B372A00A3B4C0 /* plane3.png */; };
		8EC0AE10298B372A00A3B4C0 /* plane2.png in Resources */ = {isa = PBXBuildFile; fileRef = 8EC0ADD6298B372A00A3B4C0 /* plane2.png */; };
		8EC0AE11298B372A00A3B4C0 /* plane1.png in Resources */ = {isa = PBXBuildFile; fileRef = 8EC0ADD7298B372A00A3B4C0 /* plane1.png */; };
		8EC0AE12298B372A00A3B4C0 /* backButton.png in Resources */ = {isa = PBXBuildFile; fileRef = 8EC0ADD8298B372A00A3B4C0 /* backButton.png */; };
		8EC0AE13298B372A00A3B4C0 /* plane.png in Resources */ = {isa = PBXBuildFile; fileRef = 8EC0ADD9298B372A00A3B4C0 /* plane.png */; };
		8EC0AE14298B372A00A3B4C0 /* island.png in Resources */ = {isa = PBXBuildFile; fileRef = 8EC0ADDA298B372A00A3B4C0 /* island.png */; };
		8EC0AE15298B372A00A3B4C0 /* planeflash2.png in Resources */ = {isa = PBXBuildFile; fileRef = 8EC0ADDB298B372A00A3B4C0 /* planeflash2.png */; };
		8EC0AE16298B372A00A3B4C0 /* clickMeButton.png in Resources */ = {isa = PBXBuildFile; fileRef = 8EC0ADDC298B372A00A3B4C0 /* clickMeButton.png */; };
		8EC0AE17298B372A00A3B4C0 /* planeflash1.png in Resources */ = {isa = PBXBuildFile; fileRef = 8EC0ADDD298B372A00A3B4C0 /* planeflash1.png */; };
		8EC0AE19298B372A00A3B4C0 /* coin08.png in Resources */ = {isa = PBXBuildFile; fileRef = 8EC0ADDF298B372A00A3B4C0 /* coin08.png */; };
		8EC0AE1A298B372A00A3B4C0 /* coin09.png in Resources */ = {isa = PBXBuildFile; fileRef = 8EC0ADE0298B372A00A3B4C0 /* coin09.png */; };
		8EC0AE1B298B372A00A3B4C0 /* restartButton.png in Resources */ = {isa = PBXBuildFile; fileRef = 8EC0ADE1298B372A00A3B4C0 /* restartButton.png */; };
		8EC0AE1C298B372A00A3B4C0 /* coin10.png in Resources */ = {isa = PBXBuildFile; fileRef = 8EC0ADE2298B372A00A3B4C0 /* coin10.png */; };
		8EC0AE1D298B372A00A3B4C0 /* coin04.png in Resources */ = {isa = PBXBuildFile; fileRef = 8EC0ADE3298B372A00A3B4C0 /* coin04.png */; };
		8EC0AE1E298B372A00A3B4C0 /* smallexplosion4.png in Resources */ = {isa = PBXBuildFile; fileRef = 8EC0ADE4298B372A00A3B4C0 /* smallexplosion4.png */; };
		8EC0AE1F298B372A00A3B4C0 /* smallexplosion5.png in Resources */ = {isa = PBXBuildFile; fileRef = 8EC0ADE5298B372A00A3B4C0 /* smallexplosion5.png */; };
		8EC0AE20298B372A00A3B4C0 /* coin05.png in Resources */ = {isa = PBXBuildFile; fileRef = 8EC0ADE6298B372A00A3B4C0 /* coin05.png */; };
		8EC0AE21298B372A00A3B4C0 /* coin07.png in Resources */ = {isa = PBXBuildFile; fileRef = 8EC0ADE7298B372A00A3B4C0 /* coin07.png */; };
		8EC0AE22298B372A00A3B4C0 /* smallexplosion6.png in Resources */ = {isa = PBXBuildFile; fileRef = 8EC0ADE8298B372A00A3B4C0 /* smallexplosion6.png */; };
		8EC0AE23298B372A00A3B4C0 /* coin06.png in Resources */ = {isa = PBXBuildFile; fileRef = 8EC0ADE9298B372A00A3B4C0 /* coin06.png */; };
		8EC0AE24298B372A00A3B4C0 /* cloud.png in Resources */ = {isa = PBXBuildFile; fileRef = 8EC0ADEA298B372A00A3B4C0 /* cloud.png */; };
		8EC0AE25298B372A00A3B4C0 /* coin02.png in Resources */ = {isa = PBXBuildFile; fileRef = 8EC0ADEB298B372A00A3B4C0 /* coin02.png */; };
		8EC0AE26298B372A00A3B4C0 /* smallexplosion2.png in Resources */ = {isa = PBXBuildFile; fileRef = 8EC0ADEC298B372A00A3B4C0 /* smallexplosion2.png */; };
		8EC0AE27298B372A00A3B4C0 /* smallexplosion3.png in Resources */ = {isa = PBXBuildFile; fileRef = 8EC0ADED298B372A00A3B4C0 /* smallexplosion3.png */; };
		8EC0AE28298B372A00A3B4C0 /* coin03.png in Resources */ = {isa = PBXBuildFile; fileRef = 8EC0ADEE298B372A00A3B4C0 /* coin03.png */; };
		8EC0AE29298B372A00A3B4C0 /* coin01.png in Resources */ = {isa = PBXBuildFile; fileRef = 8EC0ADEF298B372A00A3B4C0 /* coin01.png */; };
		8EC0AE2A298B372A00A3B4C0 /* smallexplosion1.png in Resources */ = {isa = PBXBuildFile; fileRef = 8EC0ADF0298B372A00A3B4C0 /* smallexplosion1.png */; };
		8EC0AE2B298B372A00A3B4C0 /* nextButton.png in Resources */ = {isa = PBXBuildFile; fileRef = 8EC0ADF1298B372A00A3B4C0 /* nextButton.png */; };
		8EC0AE2C298B372A00A3B4C0 /* explosion1.png in Resources */ = {isa = PBXBuildFile; fileRef = 8EC0ADF2298B372A00A3B4C0 /* explosion1.png */; };
		8EC0AE2D298B372A00A3B4C0 /* enemy1.png in Resources */ = {isa = PBXBuildFile; fileRef = 8EC0ADF3298B372A00A3B4C0 /* enemy1.png */; };
		8EC0AE2E298B372A00A3B4C0 /* explosion2.png in Resources */ = {isa = PBXBuildFile; fileRef = 8EC0ADF4298B372A00A3B4C0 /* explosion2.png */; };
		8EC0AE2F298B372A00A3B4C0 /* enemy3.png in Resources */ = {isa = PBXBuildFile; fileRef = 8EC0ADF5298B372A00A3B4C0 /* enemy3.png */; };
		8EC0AE30298B372A00A3B4C0 /* enemy2.png in Resources */ = {isa = PBXBuildFile; fileRef = 8EC0ADF6298B372A00A3B4C0 /* enemy2.png */; };
		8EC0AE31298B372A00A3B4C0 /* ocean.png in Resources */ = {isa = PBXBuildFile; fileRef = 8EC0ADF7298B372A00A3B4C0 /* ocean.png */; };
		8EC0AE32298B372A00A3B4C0 /* explosion3.png in Resources */ = {isa = PBXBuildFile; fileRef = 8EC0ADF8298B372A00A3B4C0 /* explosion3.png */; };
		8EC0AE33298B372A00A3B4C0 /* explosion7.png in Resources */ = {isa = PBXBuildFile; fileRef = 8EC0ADF9298B372A00A3B4C0 /* explosion7.png */; };
		8EC0AE34298B372A00A3B4C0 /* startButton.png in Resources */ = {isa = PBXBuildFile; fileRef = 8EC0ADFA298B372A00A3B4C0 /* startButton.png */; };
		8EC0AE35298B372A00A3B4C0 /* explosion6.png in Resources */ = {isa = PBXBuildFile; fileRef = 8EC0ADFB298B372A00A3B4C0 /* explosion6.png */; };
		8EC0AE36298B372A00A3B4C0 /* explosion4.png in Resources */ = {isa = PBXBuildFile; fileRef = 8EC0ADFC298B372A00A3B4C0 /* explosion4.png */; };
		8EC0AE37298B372A00A3B4C0 /* explosion5.png in Resources */ = {isa = PBXBuildFile; fileRef = 8EC0ADFD298B372A00A3B4C0 /* explosion5.png */; };
		8EC0AE3F298B372A00A3B4C0 /* textureAtlas.png in Resources */ = {isa = PBXBuildFile; fileRef = 8EC0AE07298B372A00A3B4C0 /* textureAtlas.png */; };
		8EC0AE40298B372A00A3B4C0 /* textureAtlas.json in Resources */ = {isa = PBXBuildFile; fileRef = 8EC0AE08298B372A00A3B4C0 /* textureAtlas.json */; };
		8EC0AE41298B372A00A3B4C0 /* MailPilotDemoProject.tps in Resources */ = {isa = PBXBuildFile; fileRef = 8EC0AE09298B372A00A3B4C0 /* MailPilotDemoProject.tps */; };
		8EC0AE42298B372A00A3B4C0 /* dock51.woff in Resources */ = {isa = PBXBuildFile; fileRef = 8EC0AE0B298B372A00A3B4C0 /* dock51.woff */; };
		8EC0AE43298B372A00A3B4C0 /* dock51.woff2 in Resources */ = {isa = PBXBuildFile; fileRef = 8EC0AE0C298B372A00A3B4C0 /* dock51.woff2 */; };
		8EC0AE44298B372A00A3B4C0 /* Dock51.ttf in Resources */ = {isa = PBXBuildFile; fileRef = 8EC0AE0D298B372A00A3B4C0 /* Dock51.ttf */; };
		8EC0AE47298B377F00A3B4C0 /* CollisionManager.swift in Sources */ = {isa = PBXBuildFile; fileRef = 8EC0AE46298B377F00A3B4C0 /* CollisionManager.swift */; };
		8EC0AE49298B416200A3B4C0 /* ScoreManager.swift in Sources */ = {isa = PBXBuildFile; fileRef = 8EC0AE48298B416200A3B4C0 /* ScoreManager.swift */; };
		8EC0AE55298B471700A3B4C0 /* engine.mp3 in Resources */ = {isa = PBXBuildFile; fileRef = 8EC0AE50298B471700A3B4C0 /* engine.mp3 */; };
		8EC0AE56298B471700A3B4C0 /* bullet.mp3 in Resources */ = {isa = PBXBuildFile; fileRef = 8EC0AE51298B471700A3B4C0 /* bullet.mp3 */; };
		8EC0AE57298B471700A3B4C0 /* yay.mp3 in Resources */ = {isa = PBXBuildFile; fileRef = 8EC0AE52298B471700A3B4C0 /* yay.mp3 */; };
		8EC0AE58298B471700A3B4C0 /* thunder.mp3 in Resources */ = {isa = PBXBuildFile; fileRef = 8EC0AE53298B471700A3B4C0 /* thunder.mp3 */; };
		8EC0AE59298B471700A3B4C0 /* explosion.mp3 in Resources */ = {isa = PBXBuildFile; fileRef = 8EC0AE54298B471700A3B4C0 /* explosion.mp3 */; };
/* End PBXBuildFile section */

/* Begin PBXFileReference section */
		8EC0ADA8298B366F00A3B4C0 /* MAPD724-W2023-ICE-3B.app */ = {isa = PBXFileReference; explicitFileType = wrapper.application; includeInIndex = 0; path = "MAPD724-W2023-ICE-3B.app"; sourceTree = BUILT_PRODUCTS_DIR; };
		8EC0ADAB298B366F00A3B4C0 /* AppDelegate.swift */ = {isa = PBXFileReference; lastKnownFileType = sourcecode.swift; path = AppDelegate.swift; sourceTree = "<group>"; };
		8EC0ADAD298B366F00A3B4C0 /* GameScene.sks */ = {isa = PBXFileReference; lastKnownFileType = file.sks; path = GameScene.sks; sourceTree = "<group>"; };
		8EC0ADB1298B366F00A3B4C0 /* GameScene.swift */ = {isa = PBXFileReference; lastKnownFileType = sourcecode.swift; path = GameScene.swift; sourceTree = "<group>"; };
		8EC0ADB3298B366F00A3B4C0 /* GameViewController.swift */ = {isa = PBXFileReference; lastKnownFileType = sourcecode.swift; path = GameViewController.swift; sourceTree = "<group>"; };
		8EC0ADB6298B366F00A3B4C0 /* Base */ = {isa = PBXFileReference; lastKnownFileType = file.storyboard; name = Base; path = Base.lproj/Main.storyboard; sourceTree = "<group>"; };
		8EC0ADB8298B367000A3B4C0 /* Assets.xcassets */ = {isa = PBXFileReference; lastKnownFileType = folder.assetcatalog; path = Assets.xcassets; sourceTree = "<group>"; };
		8EC0ADBB298B367000A3B4C0 /* Base */ = {isa = PBXFileReference; lastKnownFileType = file.storyboard; name = Base; path = Base.lproj/LaunchScreen.storyboard; sourceTree = "<group>"; };
		8EC0ADC3298B371F00A3B4C0 /* Islands.swift */ = {isa = PBXFileReference; fileEncoding = 4; lastKnownFileType = sourcecode.swift; path = Islands.swift; sourceTree = "<group>"; };
		8EC0ADC4298B371F00A3B4C0 /* Cloud.swift */ = {isa = PBXFileReference; fileEncoding = 4; lastKnownFileType = sourcecode.swift; path = Cloud.swift; sourceTree = "<group>"; };
		8EC0ADC5298B371F00A3B4C0 /* Ocean.swift */ = {isa = PBXFileReference; fileEncoding = 4; lastKnownFileType = sourcecode.swift; path = Ocean.swift; sourceTree = "<group>"; };
		8EC0ADC6298B371F00A3B4C0 /* Player.swift */ = {isa = PBXFileReference; fileEncoding = 4; lastKnownFileType = sourcecode.swift; path = Player.swift; sourceTree = "<group>"; };
		8EC0ADC8298B371F00A3B4C0 /* GameProtocol.swift */ = {isa = PBXFileReference; fileEncoding = 4; lastKnownFileType = sourcecode.swift; path = GameProtocol.swift; sourceTree = "<group>"; };
		8EC0ADC9298B371F00A3B4C0 /* GameObject.swift */ = {isa = PBXFileReference; fileEncoding = 4; lastKnownFileType = sourcecode.swift; path = GameObject.swift; sourceTree = "<group>"; };
		8EC0ADCA298B371F00A3B4C0 /* Layer.swift */ = {isa = PBXFileReference; fileEncoding = 4; lastKnownFileType = sourcecode.swift; path = Layer.swift; sourceTree = "<group>"; };
		8EC0ADD4298B372A00A3B4C0 /* bullet.png */ = {isa = PBXFileReference; lastKnownFileType = image.png; path = bullet.png; sourceTree = "<group>"; };
		8EC0ADD5298B372A00A3B4C0 /* plane3.png */ = {isa = PBXFileReference; lastKnownFileType = image.png; path = plane3.png; sourceTree = "<group>"; };
		8EC0ADD6298B372A00A3B4C0 /* plane2.png */ = {isa = PBXFileReference; lastKnownFileType = image.png; path = plane2.png; sourceTree = "<group>"; };
		8EC0ADD7298B372A00A3B4C0 /* plane1.png */ = {isa = PBXFileReference; lastKnownFileType = image.png; path = plane1.png; sourceTree = "<group>"; };
		8EC0ADD8298B372A00A3B4C0 /* backButton.png */ = {isa = PBXFileReference; lastKnownFileType = image.png; path = backButton.png; sourceTree = "<group>"; };
		8EC0ADD9298B372A00A3B4C0 /* plane.png */ = {isa = PBXFileReference; lastKnownFileType = image.png; path = plane.png; sourceTree = "<group>"; };
		8EC0ADDA298B372A00A3B4C0 /* island.png */ = {isa = PBXFileReference; lastKnownFileType = image.png; path = island.png; sourceTree = "<group>"; };
		8EC0ADDB298B372A00A3B4C0 /* planeflash2.png */ = {isa = PBXFileReference; lastKnownFileType = image.png; path = planeflash2.png; sourceTree = "<group>"; };
		8EC0ADDC298B372A00A3B4C0 /* clickMeButton.png */ = {isa = PBXFileReference; lastKnownFileType = image.png; path = clickMeButton.png; sourceTree = "<group>"; };
		8EC0ADDD298B372A00A3B4C0 /* planeflash1.png */ = {isa = PBXFileReference; lastKnownFileType = image.png; path = planeflash1.png; sourceTree = "<group>"; };
		8EC0ADDF298B372A00A3B4C0 /* coin08.png */ = {isa = PBXFileReference; lastKnownFileType = image.png; path = coin08.png; sourceTree = "<group>"; };
		8EC0ADE0298B372A00A3B4C0 /* coin09.png */ = {isa = PBXFileReference; lastKnownFileType = image.png; path = coin09.png; sourceTree = "<group>"; };
		8EC0ADE1298B372A00A3B4C0 /* restartButton.png */ = {isa = PBXFileReference; lastKnownFileType = image.png; path = restartButton.png; sourceTree = "<group>"; };
		8EC0ADE2298B372A00A3B4C0 /* coin10.png */ = {isa = PBXFileReference; lastKnownFileType = image.png; path = coin10.png; sourceTree = "<group>"; };
		8EC0ADE3298B372A00A3B4C0 /* coin04.png */ = {isa = PBXFileReference; lastKnownFileType = image.png; path = coin04.png; sourceTree = "<group>"; };
		8EC0ADE4298B372A00A3B4C0 /* smallexplosion4.png */ = {isa = PBXFileReference; lastKnownFileType = image.png; path = smallexplosion4.png; sourceTree = "<group>"; };
		8EC0ADE5298B372A00A3B4C0 /* smallexplosion5.png */ = {isa = PBXFileReference; lastKnownFileType = image.png; path = smallexplosion5.png; sourceTree = "<group>"; };
		8EC0ADE6298B372A00A3B4C0 /* coin05.png */ = {isa = PBXFileReference; lastKnownFileType = image.png; path = coin05.png; sourceTree = "<group>"; };
		8EC0ADE7298B372A00A3B4C0 /* coin07.png */ = {isa = PBXFileReference; lastKnownFileType = image.png; path = coin07.png; sourceTree = "<group>"; };
		8EC0ADE8298B372A00A3B4C0 /* smallexplosion6.png */ = {isa = PBXFileReference; lastKnownFileType = image.png; path = smallexplosion6.png; sourceTree = "<group>"; };
		8EC0ADE9298B372A00A3B4C0 /* coin06.png */ = {isa = PBXFileReference; lastKnownFileType = image.png; path = coin06.png; sourceTree = "<group>"; };
		8EC0ADEA298B372A00A3B4C0 /* cloud.png */ = {isa = PBXFileReference; lastKnownFileType = image.png; path = cloud.png; sourceTree = "<group>"; };
		8EC0ADEB298B372A00A3B4C0 /* coin02.png */ = {isa = PBXFileReference; lastKnownFileType = image.png; path = coin02.png; sourceTree = "<group>"; };
		8EC0ADEC298B372A00A3B4C0 /* smallexplosion2.png */ = {isa = PBXFileReference; lastKnownFileType = image.png; path = smallexplosion2.png; sourceTree = "<group>"; };
		8EC0ADED298B372A00A3B4C0 /* smallexplosion3.png */ = {isa = PBXFileReference; lastKnownFileType = image.png; path = smallexplosion3.png; sourceTree = "<group>"; };
		8EC0ADEE298B372A00A3B4C0 /* coin03.png */ = {isa = PBXFileReference; lastKnownFileType = image.png; path = coin03.png; sourceTree = "<group>"; };
		8EC0ADEF298B372A00A3B4C0 /* coin01.png */ = {isa = PBXFileReference; lastKnownFileType = image.png; path = coin01.png; sourceTree = "<group>"; };
		8EC0ADF0298B372A00A3B4C0 /* smallexplosion1.png */ = {isa = PBXFileReference; lastKnownFileType = image.png; path = smallexplosion1.png; sourceTree = "<group>"; };
		8EC0ADF1298B372A00A3B4C0 /* nextButton.png */ = {isa = PBXFileReference; lastKnownFileType = image.png; path = nextButton.png; sourceTree = "<group>"; };
		8EC0ADF2298B372A00A3B4C0 /* explosion1.png */ = {isa = PBXFileReference; lastKnownFileType = image.png; path = explosion1.png; sourceTree = "<group>"; };
		8EC0ADF3298B372A00A3B4C0 /* enemy1.png */ = {isa = PBXFileReference; lastKnownFileType = image.png; path = enemy1.png; sourceTree = "<group>"; };
		8EC0ADF4298B372A00A3B4C0 /* explosion2.png */ = {isa = PBXFileReference; lastKnownFileType = image.png; path = explosion2.png; sourceTree = "<group>"; };
		8EC0ADF5298B372A00A3B4C0 /* enemy3.png */ = {isa = PBXFileReference; lastKnownFileType = image.png; path = enemy3.png; sourceTree = "<group>"; };
		8EC0ADF6298B372A00A3B4C0 /* enemy2.png */ = {isa = PBXFileReference; lastKnownFileType = image.png; path = enemy2.png; sourceTree = "<group>"; };
		8EC0ADF7298B372A00A3B4C0 /* ocean.png */ = {isa = PBXFileReference; lastKnownFileType = image.png; path = ocean.png; sourceTree = "<group>"; };
		8EC0ADF8298B372A00A3B4C0 /* explosion3.png */ = {isa = PBXFileReference; lastKnownFileType = image.png; path = explosion3.png; sourceTree = "<group>"; };
		8EC0ADF9298B372A00A3B4C0 /* explosion7.png */ = {isa = PBXFileReference; lastKnownFileType = image.png; path = explosion7.png; sourceTree = "<group>"; };
		8EC0ADFA298B372A00A3B4C0 /* startButton.png */ = {isa = PBXFileReference; lastKnownFileType = image.png; path = startButton.png; sourceTree = "<group>"; };
		8EC0ADFB298B372A00A3B4C0 /* explosion6.png */ = {isa = PBXFileReference; lastKnownFileType = image.png; path = explosion6.png; sourceTree = "<group>"; };
		8EC0ADFC298B372A00A3B4C0 /* explosion4.png */ = {isa = PBXFileReference; lastKnownFileType = image.png; path = explosion4.png; sourceTree = "<group>"; };
		8EC0ADFD298B372A00A3B4C0 /* explosion5.png */ = {isa = PBXFileReference; lastKnownFileType = image.png; path = explosion5.png; sourceTree = "<group>"; };
		8EC0AE07298B372A00A3B4C0 /* textureAtlas.png */ = {isa = PBXFileReference; lastKnownFileType = image.png; path = textureAtlas.png; sourceTree = "<group>"; };
		8EC0AE08298B372A00A3B4C0 /* textureAtlas.json */ = {isa = PBXFileReference; fileEncoding = 4; lastKnownFileType = text.json; path = textureAtlas.json; sourceTree = "<group>"; };
		8EC0AE09298B372A00A3B4C0 /* MailPilotDemoProject.tps */ = {isa = PBXFileReference; fileEncoding = 4; lastKnownFileType = text.xml; path = MailPilotDemoProject.tps; sourceTree = "<group>"; };
		8EC0AE0B298B372A00A3B4C0 /* dock51.woff */ = {isa = PBXFileReference; lastKnownFileType = file; path = dock51.woff; sourceTree = "<group>"; };
		8EC0AE0C298B372A00A3B4C0 /* dock51.woff2 */ = {isa = PBXFileReference; lastKnownFileType = file; path = dock51.woff2; sourceTree = "<group>"; };
		8EC0AE0D298B372A00A3B4C0 /* Dock51.ttf */ = {isa = PBXFileReference; lastKnownFileType = file; path = Dock51.ttf; sourceTree = "<group>"; };
		8EC0AE46298B377F00A3B4C0 /* CollisionManager.swift */ = {isa = PBXFileReference; fileEncoding = 4; lastKnownFileType = sourcecode.swift; path = CollisionManager.swift; sourceTree = "<group>"; };
		8EC0AE48298B416200A3B4C0 /* ScoreManager.swift */ = {isa = PBXFileReference; lastKnownFileType = sourcecode.swift; path = ScoreManager.swift; sourceTree = "<group>"; };
		8EC0AE50298B471700A3B4C0 /* engine.mp3 */ = {isa = PBXFileReference; lastKnownFileType = audio.mp3; path = engine.mp3; sourceTree = "<group>"; };
		8EC0AE51298B471700A3B4C0 /* bullet.mp3 */ = {isa = PBXFileReference; lastKnownFileType = audio.mp3; path = bullet.mp3; sourceTree = "<group>"; };
		8EC0AE52298B471700A3B4C0 /* yay.mp3 */ = {isa = PBXFileReference; lastKnownFileType = audio.mp3; path = yay.mp3; sourceTree = "<group>"; };
		8EC0AE53298B471700A3B4C0 /* thunder.mp3 */ = {isa = PBXFileReference; lastKnownFileType = audio.mp3; path = thunder.mp3; sourceTree = "<group>"; };
		8EC0AE54298B471700A3B4C0 /* explosion.mp3 */ = {isa = PBXFileReference; lastKnownFileType = audio.mp3; path = explosion.mp3; sourceTree = "<group>"; };
/* End PBXFileReference section */

/* Begin PBXFrameworksBuildPhase section */
		8EC0ADA5298B366F00A3B4C0 /* Frameworks */ = {
			isa = PBXFrameworksBuildPhase;
			buildActionMask = 2147483647;
			files = (
			);
			runOnlyForDeploymentPostprocessing = 0;
		};
/* End PBXFrameworksBuildPhase section */

/* Begin PBXGroup section */
		8EC0AD9F298B366F00A3B4C0 = {
			isa = PBXGroup;
			children = (
				8EC0ADAA298B366F00A3B4C0 /* MAPD724-W2023-ICE-3B */,
				8EC0ADA9298B366F00A3B4C0 /* Products */,
			);
			sourceTree = "<group>";
		};
		8EC0ADA9298B366F00A3B4C0 /* Products */ = {
			isa = PBXGroup;
			children = (
				8EC0ADA8298B366F00A3B4C0 /* MAPD724-W2023-ICE-3B.app */,
			);
			name = Products;
			sourceTree = "<group>";
		};
		8EC0ADAA298B366F00A3B4C0 /* MAPD724-W2023-ICE-3B */ = {
			isa = PBXGroup;
			children = (
				8EC0AE45298B376800A3B4C0 /* Managers */,
				8EC0ADAB298B366F00A3B4C0 /* AppDelegate.swift */,
				8EC0ADAD298B366F00A3B4C0 /* GameScene.sks */,
				8EC0ADB1298B366F00A3B4C0 /* GameScene.swift */,
				8EC0ADB3298B366F00A3B4C0 /* GameViewController.swift */,
				8EC0ADB5298B366F00A3B4C0 /* Main.storyboard */,
				8EC0ADB8298B367000A3B4C0 /* Assets.xcassets */,
				8EC0ADBA298B367000A3B4C0 /* LaunchScreen.storyboard */,
				8EC0ADD2298B372A00A3B4C0 /* Assets */,
				8EC0ADC7298B371F00A3B4C0 /* Core */,
				8EC0ADC2298B371F00A3B4C0 /* GameObjects */,
			);
			path = "MAPD724-W2023-ICE-3B";
			sourceTree = "<group>";
		};
		8EC0ADC2298B371F00A3B4C0 /* GameObjects */ = {
			isa = PBXGroup;
			children = (
				8EC0ADC3298B371F00A3B4C0 /* Islands.swift */,
				8EC0ADC4298B371F00A3B4C0 /* Cloud.swift */,
				8EC0ADC5298B371F00A3B4C0 /* Ocean.swift */,
				8EC0ADC6298B371F00A3B4C0 /* Player.swift */,
			);
			path = GameObjects;
			sourceTree = "<group>";
		};
		8EC0ADC7298B371F00A3B4C0 /* Core */ = {
			isa = PBXGroup;
			children = (
				8EC0ADC8298B371F00A3B4C0 /* GameProtocol.swift */,
				8EC0ADC9298B371F00A3B4C0 /* GameObject.swift */,
				8EC0ADCA298B371F00A3B4C0 /* Layer.swift */,
			);
			path = Core;
			sourceTree = "<group>";
		};
		8EC0ADD2298B372A00A3B4C0 /* Assets */ = {
			isa = PBXGroup;
			children = (
				8EC0ADD3298B372A00A3B4C0 /* images */,
				8EC0ADFE298B372A00A3B4C0 /* audio */,
				8EC0AE06298B372A00A3B4C0 /* sprites */,
				8EC0AE0A298B372A00A3B4C0 /* fonts */,
			);
			path = Assets;
			sourceTree = "<group>";
		};
		8EC0ADD3298B372A00A3B4C0 /* images */ = {
			isa = PBXGroup;
			children = (
				8EC0ADD4298B372A00A3B4C0 /* bullet.png */,
				8EC0ADD5298B372A00A3B4C0 /* plane3.png */,
				8EC0ADD6298B372A00A3B4C0 /* plane2.png */,
				8EC0ADD7298B372A00A3B4C0 /* plane1.png */,
				8EC0ADD8298B372A00A3B4C0 /* backButton.png */,
				8EC0ADD9298B372A00A3B4C0 /* plane.png */,
				8EC0ADDA298B372A00A3B4C0 /* island.png */,
				8EC0ADDB298B372A00A3B4C0 /* planeflash2.png */,
				8EC0ADDC298B372A00A3B4C0 /* clickMeButton.png */,
				8EC0ADDD298B372A00A3B4C0 /* planeflash1.png */,
				8EC0ADDF298B372A00A3B4C0 /* coin08.png */,
				8EC0ADE0298B372A00A3B4C0 /* coin09.png */,
				8EC0ADE1298B372A00A3B4C0 /* restartButton.png */,
				8EC0ADE2298B372A00A3B4C0 /* coin10.png */,
				8EC0ADE3298B372A00A3B4C0 /* coin04.png */,
				8EC0ADE4298B372A00A3B4C0 /* smallexplosion4.png */,
				8EC0ADE5298B372A00A3B4C0 /* smallexplosion5.png */,
				8EC0ADE6298B372A00A3B4C0 /* coin05.png */,
				8EC0ADE7298B372A00A3B4C0 /* coin07.png */,
				8EC0ADE8298B372A00A3B4C0 /* smallexplosion6.png */,
				8EC0ADE9298B372A00A3B4C0 /* coin06.png */,
				8EC0ADEA298B372A00A3B4C0 /* cloud.png */,
				8EC0ADEB298B372A00A3B4C0 /* coin02.png */,
				8EC0ADEC298B372A00A3B4C0 /* smallexplosion2.png */,
				8EC0ADED298B372A00A3B4C0 /* smallexplosion3.png */,
				8EC0ADEE298B372A00A3B4C0 /* coin03.png */,
				8EC0ADEF298B372A00A3B4C0 /* coin01.png */,
				8EC0ADF0298B372A00A3B4C0 /* smallexplosion1.png */,
				8EC0ADF1298B372A00A3B4C0 /* nextButton.png */,
				8EC0ADF2298B372A00A3B4C0 /* explosion1.png */,
				8EC0ADF3298B372A00A3B4C0 /* enemy1.png */,
				8EC0ADF4298B372A00A3B4C0 /* explosion2.png */,
				8EC0ADF5298B372A00A3B4C0 /* enemy3.png */,
				8EC0ADF6298B372A00A3B4C0 /* enemy2.png */,
				8EC0ADF7298B372A00A3B4C0 /* ocean.png */,
				8EC0ADF8298B372A00A3B4C0 /* explosion3.png */,
				8EC0ADF9298B372A00A3B4C0 /* explosion7.png */,
				8EC0ADFA298B372A00A3B4C0 /* startButton.png */,
				8EC0ADFB298B372A00A3B4C0 /* explosion6.png */,
				8EC0ADFC298B372A00A3B4C0 /* explosion4.png */,
				8EC0ADFD298B372A00A3B4C0 /* explosion5.png */,
			);
			path = images;
			sourceTree = "<group>";
		};
		8EC0ADFE298B372A00A3B4C0 /* audio */ = {
			isa = PBXGroup;
			children = (
				8EC0AE51298B471700A3B4C0 /* bullet.mp3 */,
				8EC0AE50298B471700A3B4C0 /* engine.mp3 */,
				8EC0AE54298B471700A3B4C0 /* explosion.mp3 */,
				8EC0AE53298B471700A3B4C0 /* thunder.mp3 */,
				8EC0AE52298B471700A3B4C0 /* yay.mp3 */,
			);
			path = audio;
			sourceTree = "<group>";
		};
		8EC0AE06298B372A00A3B4C0 /* sprites */ = {
			isa = PBXGroup;
			children = (
				8EC0AE07298B372A00A3B4C0 /* textureAtlas.png */,
				8EC0AE08298B372A00A3B4C0 /* textureAtlas.json */,
				8EC0AE09298B372A00A3B4C0 /* MailPilotDemoProject.tps */,
			);
			path = sprites;
			sourceTree = "<group>";
		};
		8EC0AE0A298B372A00A3B4C0 /* fonts */ = {
			isa = PBXGroup;
			children = (
				8EC0AE0B298B372A00A3B4C0 /* dock51.woff */,
				8EC0AE0C298B372A00A3B4C0 /* dock51.woff2 */,
				8EC0AE0D298B372A00A3B4C0 /* Dock51.ttf */,
			);
			path = fonts;
			sourceTree = "<group>";
		};
		8EC0AE45298B376800A3B4C0 /* Managers */ = {
			isa = PBXGroup;
			children = (
				8EC0AE46298B377F00A3B4C0 /* CollisionManager.swift */,
				8EC0AE48298B416200A3B4C0 /* ScoreManager.swift */,
			);
			path = Managers;
			sourceTree = "<group>";
		};
/* End PBXGroup section */

/* Begin PBXNativeTarget section */
		8EC0ADA7298B366F00A3B4C0 /* MAPD724-W2023-ICE-3B */ = {
			isa = PBXNativeTarget;
			buildConfigurationList = 8EC0ADBF298B367000A3B4C0 /* Build configuration list for PBXNativeTarget "MAPD724-W2023-ICE-3B" */;
			buildPhases = (
				8EC0ADA4298B366F00A3B4C0 /* Sources */,
				8EC0ADA5298B366F00A3B4C0 /* Frameworks */,
				8EC0ADA6298B366F00A3B4C0 /* Resources */,
			);
			buildRules = (
			);
			dependencies = (
			);
			name = "MAPD724-W2023-ICE-3B";
			productName = "MAPD724-W2023-ICE-3B";
			productReference = 8EC0ADA8298B366F00A3B4C0 /* MAPD724-W2023-ICE-3B.app */;
			productType = "com.apple.product-type.application";
		};
/* End PBXNativeTarget section */

/* Begin PBXProject section */
		8EC0ADA0298B366F00A3B4C0 /* Project object */ = {
			isa = PBXProject;
			attributes = {
				BuildIndependentTargetsInParallel = 1;
				LastSwiftUpdateCheck = 1420;
				LastUpgradeCheck = 1420;
				TargetAttributes = {
					8EC0ADA7298B366F00A3B4C0 = {
						CreatedOnToolsVersion = 14.2;
					};
				};
			};
			buildConfigurationList = 8EC0ADA3298B366F00A3B4C0 /* Build configuration list for PBXProject "MAPD724-W2023-ICE-3B" */;
			compatibilityVersion = "Xcode 14.0";
			developmentRegion = en;
			hasScannedForEncodings = 0;
			knownRegions = (
				en,
				Base,
			);
			mainGroup = 8EC0AD9F298B366F00A3B4C0;
			productRefGroup = 8EC0ADA9298B366F00A3B4C0 /* Products */;
			projectDirPath = "";
			projectRoot = "";
			targets = (
				8EC0ADA7298B366F00A3B4C0 /* MAPD724-W2023-ICE-3B */,
			);
		};
/* End PBXProject section */

/* Begin PBXResourcesBuildPhase section */
		8EC0ADA6298B366F00A3B4C0 /* Resources */ = {
			isa = PBXResourcesBuildPhase;
			buildActionMask = 2147483647;
			files = (
				8EC0AE21298B372A00A3B4C0 /* coin07.png in Resources */,
				8EC0AE2D298B372A00A3B4C0 /* enemy1.png in Resources */,
				8EC0AE31298B372A00A3B4C0 /* ocean.png in Resources */,
				8EC0AE1D298B372A00A3B4C0 /* coin04.png in Resources */,
				8EC0AE1B298B372A00A3B4C0 /* restartButton.png in Resources */,
				8EC0AE2E298B372A00A3B4C0 /* explosion2.png in Resources */,
				8EC0AE14298B372A00A3B4C0 /* island.png in Resources */,
				8EC0AE27298B372A00A3B4C0 /* smallexplosion3.png in Resources */,
				8EC0ADB7298B366F00A3B4C0 /* Main.storyboard in Resources */,
				8EC0AE35298B372A00A3B4C0 /* explosion6.png in Resources */,
				8EC0AE59298B471700A3B4C0 /* explosion.mp3 in Resources */,
				8EC0AE1F298B372A00A3B4C0 /* smallexplosion5.png in Resources */,
				8EC0AE11298B372A00A3B4C0 /* plane1.png in Resources */,
				8EC0AE34298B372A00A3B4C0 /* startButton.png in Resources */,
				8EC0AE2A298B372A00A3B4C0 /* smallexplosion1.png in Resources */,
				8EC0AE33298B372A00A3B4C0 /* explosion7.png in Resources */,
				8EC0AE57298B471700A3B4C0 /* yay.mp3 in Resources */,
				8EC0AE55298B471700A3B4C0 /* engine.mp3 in Resources */,
				8EC0AE56298B471700A3B4C0 /* bullet.mp3 in Resources */,
				8EC0AE28298B372A00A3B4C0 /* coin03.png in Resources */,
				8EC0AE15298B372A00A3B4C0 /* planeflash2.png in Resources */,
				8EC0AE41298B372A00A3B4C0 /* MailPilotDemoProject.tps in Resources */,
				8EC0AE12298B372A00A3B4C0 /* backButton.png in Resources */,
				8EC0AE40298B372A00A3B4C0 /* textureAtlas.json in Resources */,
				8EC0AE26298B372A00A3B4C0 /* smallexplosion2.png in Resources */,
				8EC0AE37298B372A00A3B4C0 /* explosion5.png in Resources */,
				8EC0AE36298B372A00A3B4C0 /* explosion4.png in Resources */,
				8EC0AE19298B372A00A3B4C0 /* coin08.png in Resources */,
				8EC0AE3F298B372A00A3B4C0 /* textureAtlas.png in Resources */,
				8EC0AE1A298B372A00A3B4C0 /* coin09.png in Resources */,
				8EC0AE44298B372A00A3B4C0 /* Dock51.ttf in Resources */,
				8EC0AE2B298B372A00A3B4C0 /* nextButton.png in Resources */,
				8EC0AE25298B372A00A3B4C0 /* coin02.png in Resources */,
				8EC0AE22298B372A00A3B4C0 /* smallexplosion6.png in Resources */,
				8EC0AE30298B372A00A3B4C0 /* enemy2.png in Resources */,
				8EC0AE20298B372A00A3B4C0 /* coin05.png in Resources */,
				8EC0AE0E298B372A00A3B4C0 /* bullet.png in Resources */,
				8EC0AE16298B372A00A3B4C0 /* clickMeButton.png in Resources */,
				8EC0AE1E298B372A00A3B4C0 /* smallexplosion4.png in Resources */,
				8EC0ADAE298B366F00A3B4C0 /* GameScene.sks in Resources */,
				8EC0ADB9298B367000A3B4C0 /* Assets.xcassets in Resources */,
				8EC0AE23298B372A00A3B4C0 /* coin06.png in Resources */,
				8EC0ADBC298B367000A3B4C0 /* LaunchScreen.storyboard in Resources */,
				8EC0AE17298B372A00A3B4C0 /* planeflash1.png in Resources */,
				8EC0AE1C298B372A00A3B4C0 /* coin10.png in Resources */,
				8EC0AE29298B372A00A3B4C0 /* coin01.png in Resources */,
				8EC0AE24298B372A00A3B4C0 /* cloud.png in Resources */,
				8EC0AE0F298B372A00A3B4C0 /* plane3.png in Resources */,
				8EC0AE13298B372A00A3B4C0 /* plane.png in Resources */,
				8EC0AE43298B372A00A3B4C0 /* dock51.woff2 in Resources */,
				8EC0AE2F298B372A00A3B4C0 /* enemy3.png in Resources */,
				8EC0AE32298B372A00A3B4C0 /* explosion3.png in Resources */,
				8EC0AE58298B471700A3B4C0 /* thunder.mp3 in Resources */,
				8EC0AE10298B372A00A3B4C0 /* plane2.png in Resources */,
				8EC0AE42298B372A00A3B4C0 /* dock51.woff in Resources */,
				8EC0AE2C298B372A00A3B4C0 /* explosion1.png in Resources */,
			);
			runOnlyForDeploymentPostprocessing = 0;
		};
/* End PBXResourcesBuildPhase section */

/* Begin PBXSourcesBuildPhase section */
		8EC0ADA4298B366F00A3B4C0 /* Sources */ = {
			isa = PBXSourcesBuildPhase;
			buildActionMask = 2147483647;
			files = (
				8EC0AE49298B416200A3B4C0 /* ScoreManager.swift in Sources */,
				8EC0ADCC298B372000A3B4C0 /* Cloud.swift in Sources */,
				8EC0ADCF298B372000A3B4C0 /* GameProtocol.swift in Sources */,
				8EC0ADD0298B372000A3B4C0 /* GameObject.swift in Sources */,
				8EC0AE47298B377F00A3B4C0 /* CollisionManager.swift in Sources */,
				8EC0ADB2298B366F00A3B4C0 /* GameScene.swift in Sources */,
				8EC0ADB4298B366F00A3B4C0 /* GameViewController.swift in Sources */,
				8EC0ADCB298B372000A3B4C0 /* Islands.swift in Sources */,
				8EC0ADCE298B372000A3B4C0 /* Player.swift in Sources */,
				8EC0ADD1298B372000A3B4C0 /* Layer.swift in Sources */,
				8EC0ADCD298B372000A3B4C0 /* Ocean.swift in Sources */,
				8EC0ADAC298B366F00A3B4C0 /* AppDelegate.swift in Sources */,
			);
			runOnlyForDeploymentPostprocessing = 0;
		};
/* End PBXSourcesBuildPhase section */

/* Begin PBXVariantGroup section */
		8EC0ADB5298B366F00A3B4C0 /* Main.storyboard */ = {
			isa = PBXVariantGroup;
			children = (
				8EC0ADB6298B366F00A3B4C0 /* Base */,
			);
			name = Main.storyboard;
			sourceTree = "<group>";
		};
		8EC0ADBA298B367000A3B4C0 /* LaunchScreen.storyboard */ = {
			isa = PBXVariantGroup;
			children = (
				8EC0ADBB298B367000A3B4C0 /* Base */,
			);
			name = LaunchScreen.storyboard;
			sourceTree = "<group>";
		};
/* End PBXVariantGroup section */

/* Begin XCBuildConfiguration section */
		8EC0ADBD298B367000A3B4C0 /* Debug */ = {
			isa = XCBuildConfiguration;
			buildSettings = {
				ALWAYS_SEARCH_USER_PATHS = NO;
				CLANG_ANALYZER_NONNULL = YES;
				CLANG_ANALYZER_NUMBER_OBJECT_CONVERSION = YES_AGGRESSIVE;
				CLANG_CXX_LANGUAGE_STANDARD = "gnu++20";
				CLANG_ENABLE_MODULES = YES;
				CLANG_ENABLE_OBJC_ARC = YES;
				CLANG_ENABLE_OBJC_WEAK = YES;
				CLANG_WARN_BLOCK_CAPTURE_AUTORELEASING = YES;
				CLANG_WARN_BOOL_CONVERSION = YES;
				CLANG_WARN_COMMA = YES;
				CLANG_WARN_CONSTANT_CONVERSION = YES;
				CLANG_WARN_DEPRECATED_OBJC_IMPLEMENTATIONS = YES;
				CLANG_WARN_DIRECT_OBJC_ISA_USAGE = YES_ERROR;
				CLANG_WARN_DOCUMENTATION_COMMENTS = YES;
				CLANG_WARN_EMPTY_BODY = YES;
				CLANG_WARN_ENUM_CONVERSION = YES;
				CLANG_WARN_INFINITE_RECURSION = YES;
				CLANG_WARN_INT_CONVERSION = YES;
				CLANG_WARN_NON_LITERAL_NULL_CONVERSION = YES;
				CLANG_WARN_OBJC_IMPLICIT_RETAIN_SELF = YES;
				CLANG_WARN_OBJC_LITERAL_CONVERSION = YES;
				CLANG_WARN_OBJC_ROOT_CLASS = YES_ERROR;
				CLANG_WARN_QUOTED_INCLUDE_IN_FRAMEWORK_HEADER = YES;
				CLANG_WARN_RANGE_LOOP_ANALYSIS = YES;
				CLANG_WARN_STRICT_PROTOTYPES = YES;
				CLANG_WARN_SUSPICIOUS_MOVE = YES;
				CLANG_WARN_UNGUARDED_AVAILABILITY = YES_AGGRESSIVE;
				CLANG_WARN_UNREACHABLE_CODE = YES;
				CLANG_WARN__DUPLICATE_METHOD_MATCH = YES;
				COPY_PHASE_STRIP = NO;
				DEBUG_INFORMATION_FORMAT = dwarf;
				ENABLE_STRICT_OBJC_MSGSEND = YES;
				ENABLE_TESTABILITY = YES;
				GCC_C_LANGUAGE_STANDARD = gnu11;
				GCC_DYNAMIC_NO_PIC = NO;
				GCC_NO_COMMON_BLOCKS = YES;
				GCC_OPTIMIZATION_LEVEL = 0;
				GCC_PREPROCESSOR_DEFINITIONS = (
					"DEBUG=1",
					"$(inherited)",
				);
				GCC_WARN_64_TO_32_BIT_CONVERSION = YES;
				GCC_WARN_ABOUT_RETURN_TYPE = YES_ERROR;
				GCC_WARN_UNDECLARED_SELECTOR = YES;
				GCC_WARN_UNINITIALIZED_AUTOS = YES_AGGRESSIVE;
				GCC_WARN_UNUSED_FUNCTION = YES;
				GCC_WARN_UNUSED_VARIABLE = YES;
				IPHONEOS_DEPLOYMENT_TARGET = 16.2;
				MTL_ENABLE_DEBUG_INFO = INCLUDE_SOURCE;
				MTL_FAST_MATH = YES;
				ONLY_ACTIVE_ARCH = YES;
				SDKROOT = iphoneos;
				SWIFT_ACTIVE_COMPILATION_CONDITIONS = DEBUG;
				SWIFT_OPTIMIZATION_LEVEL = "-Onone";
			};
			name = Debug;
		};
		8EC0ADBE298B367000A3B4C0 /* Release */ = {
			isa = XCBuildConfiguration;
			buildSettings = {
				ALWAYS_SEARCH_USER_PATHS = NO;
				CLANG_ANALYZER_NONNULL = YES;
				CLANG_ANALYZER_NUMBER_OBJECT_CONVERSION = YES_AGGRESSIVE;
				CLANG_CXX_LANGUAGE_STANDARD = "gnu++20";
				CLANG_ENABLE_MODULES = YES;
				CLANG_ENABLE_OBJC_ARC = YES;
				CLANG_ENABLE_OBJC_WEAK = YES;
				CLANG_WARN_BLOCK_CAPTURE_AUTORELEASING = YES;
				CLANG_WARN_BOOL_CONVERSION = YES;
				CLANG_WARN_COMMA = YES;
				CLANG_WARN_CONSTANT_CONVERSION = YES;
				CLANG_WARN_DEPRECATED_OBJC_IMPLEMENTATIONS = YES;
				CLANG_WARN_DIRECT_OBJC_ISA_USAGE = YES_ERROR;
				CLANG_WARN_DOCUMENTATION_COMMENTS = YES;
				CLANG_WARN_EMPTY_BODY = YES;
				CLANG_WARN_ENUM_CONVERSION = YES;
				CLANG_WARN_INFINITE_RECURSION = YES;
				CLANG_WARN_INT_CONVERSION = YES;
				CLANG_WARN_NON_LITERAL_NULL_CONVERSION = YES;
				CLANG_WARN_OBJC_IMPLICIT_RETAIN_SELF = YES;
				CLANG_WARN_OBJC_LITERAL_CONVERSION = YES;
				CLANG_WARN_OBJC_ROOT_CLASS = YES_ERROR;
				CLANG_WARN_QUOTED_INCLUDE_IN_FRAMEWORK_HEADER = YES;
				CLANG_WARN_RANGE_LOOP_ANALYSIS = YES;
				CLANG_WARN_STRICT_PROTOTYPES = YES;
				CLANG_WARN_SUSPICIOUS_MOVE = YES;
				CLANG_WARN_UNGUARDED_AVAILABILITY = YES_AGGRESSIVE;
				CLANG_WARN_UNREACHABLE_CODE = YES;
				CLANG_WARN__DUPLICATE_METHOD_MATCH = YES;
				COPY_PHASE_STRIP = NO;
				DEBUG_INFORMATION_FORMAT = "dwarf-with-dsym";
				ENABLE_NS_ASSERTIONS = NO;
				ENABLE_STRICT_OBJC_MSGSEND = YES;
				GCC_C_LANGUAGE_STANDARD = gnu11;
				GCC_NO_COMMON_BLOCKS = YES;
				GCC_WARN_64_TO_32_BIT_CONVERSION = YES;
				GCC_WARN_ABOUT_RETURN_TYPE = YES_ERROR;
				GCC_WARN_UNDECLARED_SELECTOR = YES;
				GCC_WARN_UNINITIALIZED_AUTOS = YES_AGGRESSIVE;
				GCC_WARN_UNUSED_FUNCTION = YES;
				GCC_WARN_UNUSED_VARIABLE = YES;
				IPHONEOS_DEPLOYMENT_TARGET = 16.2;
				MTL_ENABLE_DEBUG_INFO = NO;
				MTL_FAST_MATH = YES;
				SDKROOT = iphoneos;
				SWIFT_COMPILATION_MODE = wholemodule;
				SWIFT_OPTIMIZATION_LEVEL = "-O";
				VALIDATE_PRODUCT = YES;
			};
			name = Release;
		};
		8EC0ADC0298B367000A3B4C0 /* Debug */ = {
			isa = XCBuildConfiguration;
			buildSettings = {
				ASSETCATALOG_COMPILER_APPICON_NAME = AppIcon;
				ASSETCATALOG_COMPILER_GLOBAL_ACCENT_COLOR_NAME = AccentColor;
				CODE_SIGN_STYLE = Automatic;
				CURRENT_PROJECT_VERSION = 1;
				DEVELOPMENT_TEAM = V4ZBAPNCNA;
				GENERATE_INFOPLIST_FILE = YES;
				INFOPLIST_KEY_UIApplicationSupportsIndirectInputEvents = YES;
				INFOPLIST_KEY_UILaunchStoryboardName = LaunchScreen;
				INFOPLIST_KEY_UIMainStoryboardFile = Main;
				INFOPLIST_KEY_UIStatusBarHidden = YES;
				INFOPLIST_KEY_UISupportedInterfaceOrientations_iPad = "UIInterfaceOrientationPortrait UIInterfaceOrientationPortraitUpsideDown UIInterfaceOrientationLandscapeLeft UIInterfaceOrientationLandscapeRight";
				INFOPLIST_KEY_UISupportedInterfaceOrientations_iPhone = "UIInterfaceOrientationPortrait UIInterfaceOrientationLandscapeLeft UIInterfaceOrientationLandscapeRight";
				LD_RUNPATH_SEARCH_PATHS = (
					"$(inherited)",
					"@executable_path/Frameworks",
				);
				MARKETING_VERSION = 1.0;
				PRODUCT_BUNDLE_IDENTIFIER = "carlos.hernandez.MAPD724-W2023-ICE-3B";
				PRODUCT_NAME = "$(TARGET_NAME)";
				SWIFT_EMIT_LOC_STRINGS = YES;
				SWIFT_VERSION = 5.0;
				TARGETED_DEVICE_FAMILY = "1,2";
			};
			name = Debug;
		};
		8EC0ADC1298B367000A3B4C0 /* Release */ = {
			isa = XCBuildConfiguration;
			buildSettings = {
				ASSETCATALOG_COMPILER_APPICON_NAME = AppIcon;
				ASSETCATALOG_COMPILER_GLOBAL_ACCENT_COLOR_NAME = AccentColor;
				CODE_SIGN_STYLE = Automatic;
				CURRENT_PROJECT_VERSION = 1;
				DEVELOPMENT_TEAM = V4ZBAPNCNA;
				GENERATE_INFOPLIST_FILE = YES;
				INFOPLIST_KEY_UIApplicationSupportsIndirectInputEvents = YES;
				INFOPLIST_KEY_UILaunchStoryboardName = LaunchScreen;
				INFOPLIST_KEY_UIMainStoryboardFile = Main;
				INFOPLIST_KEY_UIStatusBarHidden = YES;
				INFOPLIST_KEY_UISupportedInterfaceOrientations_iPad = "UIInterfaceOrientationPortrait UIInterfaceOrientationPortraitUpsideDown UIInterfaceOrientationLandscapeLeft UIInterfaceOrientationLandscapeRight";
				INFOPLIST_KEY_UISupportedInterfaceOrientations_iPhone = "UIInterfaceOrientationPortrait UIInterfaceOrientationLandscapeLeft UIInterfaceOrientationLandscapeRight";
				LD_RUNPATH_SEARCH_PATHS = (
					"$(inherited)",
					"@executable_path/Frameworks",
				);
				MARKETING_VERSION = 1.0;
				PRODUCT_BUNDLE_IDENTIFIER = "carlos.hernandez.MAPD724-W2023-ICE-3B";
				PRODUCT_NAME = "$(TARGET_NAME)";
				SWIFT_EMIT_LOC_STRINGS = YES;
				SWIFT_VERSION = 5.0;
				TARGETED_DEVICE_FAMILY = "1,2";
			};
			name = Release;
		};
/* End XCBuildConfiguration section */

/* Begin XCConfigurationList section */
		8EC0ADA3298B366F00A3B4C0 /* Build configuration list for PBXProject "MAPD724-W2023-ICE-3B" */ = {
			isa = XCConfigurationList;
			buildConfigurations = (
				8EC0ADBD298B367000A3B4C0 /* Debug */,
				8EC0ADBE298B367000A3B4C0 /* Release */,
			);
			defaultConfigurationIsVisible = 0;
			defaultConfigurationName = Release;
		};
		8EC0ADBF298B367000A3B4C0 /* Build configuration list for PBXNativeTarget "MAPD724-W2023-ICE-3B" */ = {
			isa = XCConfigurationList;
			buildConfigurations = (
				8EC0ADC0298B367000A3B4C0 /* Debug */,
				8EC0ADC1298B367000A3B4C0 /* Release */,
			);
			defaultConfigurationIsVisible = 0;
			defaultConfigurationName = Release;
		};
/* End XCConfigurationList section */
	};
	rootObject = 8EC0ADA0298B366F00A3B4C0 /* Project object */;
}
